
Microsoft Visual Studio Solution File, Format Version 12.00
# Visual Studio Version 16
VisualStudioVersion = 16.0.30104.148
MinimumVisualStudioVersion = 10.0.40219.1
Project("{FAE04EC0-301F-11D3-BF4B-00C04F79EFBC}") = "WieIsDeMol", "WieIsDeMol\WieIsDeMol.csproj", "{6A44BD4F-8DBE-462D-AC87-82856B265D7A}"
EndProject
Project("{FAE04EC0-301F-11D3-BF4B-00C04F79EFBC}") = "WieIsDeMol.domain", "WieIsDeMol.domain\WieIsDeMol.domain.csproj", "{469C66FB-6340-4421-A309-C79B452259F9}"
EndProject
Global
	GlobalSection(SolutionConfigurationPlatforms) = preSolution
		Debug|Any CPU = Debug|Any CPU
		Release|Any CPU = Release|Any CPU
	EndGlobalSection
	GlobalSection(ProjectConfigurationPlatforms) = postSolution
		{6A44BD4F-8DBE-462D-AC87-82856B265D7A}.Debug|Any CPU.ActiveCfg = Debug|Any CPU
		{6A44BD4F-8DBE-462D-AC87-82856B265D7A}.Debug|Any CPU.Build.0 = Debug|Any CPU
		{6A44BD4F-8DBE-462D-AC87-82856B265D7A}.Release|Any CPU.ActiveCfg = Release|Any CPU
		{6A44BD4F-8DBE-462D-AC87-82856B265D7A}.Release|Any CPU.Build.0 = Release|Any CPU
		{469C66FB-6340-4421-A309-C79B452259F9}.Debug|Any CPU.ActiveCfg = Debug|Any CPU
		{469C66FB-6340-4421-A309-C79B452259F9}.Debug|Any CPU.Build.0 = Debug|Any CPU
		{469C66FB-6340-4421-A309-C79B452259F9}.Release|Any CPU.ActiveCfg = Release|Any CPU
		{469C66FB-6340-4421-A309-C79B452259F9}.Release|Any CPU.Build.0 = Release|Any CPU
	EndGlobalSection
	GlobalSection(SolutionProperties) = preSolution
		HideSolutionNode = FALSE
	EndGlobalSection
	GlobalSection(ExtensibilityGlobals) = postSolution
		SolutionGuid = {1CCA5592-9AFE-493A-AB60-18736754A05C}
	EndGlobalSection
EndGlobal
